
Microsoft Visual Studio Solution File, Format Version 12.00
# Visual Studio Version 16
VisualStudioVersion = 16.0.31515.178
MinimumVisualStudioVersion = 10.0.40219.1
Project("{FAE04EC0-301F-11D3-BF4B-00C04F79EFBC}") = "HandsOnString", "HandsOnString.csproj", "{10CE5FBE-7740-4762-9340-0DF5CAF7CDB9}"
EndProject
Global
	GlobalSection(SolutionConfigurationPlatforms) = preSolution
		Debug|Any CPU = Debug|Any CPU
		Release|Any CPU = Release|Any CPU
	EndGlobalSection
	GlobalSection(ProjectConfigurationPlatforms) = postSolution
		{10CE5FBE-7740-4762-9340-0DF5CAF7CDB9}.Debug|Any CPU.ActiveCfg = Debug|Any CPU
		{10CE5FBE-7740-4762-9340-0DF5CAF7CDB9}.Debug|Any CPU.Build.0 = Debug|Any CPU
		{10CE5FBE-7740-4762-9340-0DF5CAF7CDB9}.Release|Any CPU.ActiveCfg = Release|Any CPU
		{10CE5FBE-7740-4762-9340-0DF5CAF7CDB9}.Release|Any CPU.Build.0 = Release|Any CPU
	EndGlobalSection
	GlobalSection(SolutionProperties) = preSolution
		HideSolutionNode = FALSE
	EndGlobalSection
	GlobalSection(ExtensibilityGlobals) = postSolution
		SolutionGuid = {D020B1D3-ECB0-4123-90A3-3C923636FEA5}
	EndGlobalSection
EndGlobal
